
Microsoft Visual Studio Solution File, Format Version 12.00
# Visual Studio Version 16
VisualStudioVersion = 16.0.30413.136
MinimumVisualStudioVersion = 10.0.40219.1
Project("{FAE04EC0-301F-11D3-BF4B-00C04F79EFBC}") = "Loops", "Loops\Loops.csproj", "{69D40954-89F1-4E5C-A845-D31381C70F7E}"
EndProject
Global
	GlobalSection(SolutionConfigurationPlatforms) = preSolution
		Debug|Any CPU = Debug|Any CPU
		Release|Any CPU = Release|Any CPU
	EndGlobalSection
	GlobalSection(ProjectConfigurationPlatforms) = postSolution
		{69D40954-89F1-4E5C-A845-D31381C70F7E}.Debug|Any CPU.ActiveCfg = Debug|Any CPU
		{69D40954-89F1-4E5C-A845-D31381C70F7E}.Debug|Any CPU.Build.0 = Debug|Any CPU
		{69D40954-89F1-4E5C-A845-D31381C70F7E}.Release|Any CPU.ActiveCfg = Release|Any CPU
		{69D40954-89F1-4E5C-A845-D31381C70F7E}.Release|Any CPU.Build.0 = Release|Any CPU
	EndGlobalSection
	GlobalSection(SolutionProperties) = preSolution
		HideSolutionNode = FALSE
	EndGlobalSection
	GlobalSection(ExtensibilityGlobals) = postSolution
		SolutionGuid = {107F2EE1-EC28-4919-9495-3A306F6200D2}
	EndGlobalSection
EndGlobal
