
Microsoft Visual Studio Solution File, Format Version 12.00
# Visual Studio Version 16
VisualStudioVersion = 16.0.30621.155
MinimumVisualStudioVersion = 10.0.40219.1
Project("{FAE04EC0-301F-11D3-BF4B-00C04F79EFBC}") = "ClassesTextBox", "ClassesTextBox\ClassesTextBox.csproj", "{01C9C888-C4D4-4168-A61C-0FDA3022AEE8}"
EndProject
Global
	GlobalSection(SolutionConfigurationPlatforms) = preSolution
		Debug|Any CPU = Debug|Any CPU
		Release|Any CPU = Release|Any CPU
	EndGlobalSection
	GlobalSection(ProjectConfigurationPlatforms) = postSolution
		{01C9C888-C4D4-4168-A61C-0FDA3022AEE8}.Debug|Any CPU.ActiveCfg = Debug|Any CPU
		{01C9C888-C4D4-4168-A61C-0FDA3022AEE8}.Debug|Any CPU.Build.0 = Debug|Any CPU
		{01C9C888-C4D4-4168-A61C-0FDA3022AEE8}.Release|Any CPU.ActiveCfg = Release|Any CPU
		{01C9C888-C4D4-4168-A61C-0FDA3022AEE8}.Release|Any CPU.Build.0 = Release|Any CPU
	EndGlobalSection
	GlobalSection(SolutionProperties) = preSolution
		HideSolutionNode = FALSE
	EndGlobalSection
	GlobalSection(ExtensibilityGlobals) = postSolution
		SolutionGuid = {0114F939-6B1F-4D53-9FA0-95ED01BF9877}
	EndGlobalSection
EndGlobal
