
Microsoft Visual Studio Solution File, Format Version 12.00
# Visual Studio Version 16
VisualStudioVersion = 16.0.30413.136
MinimumVisualStudioVersion = 10.0.40219.1
Project("{9A19103F-16F7-4668-BE54-9A1E7A4F7556}") = "CoinToss", "CoinToss\CoinToss.csproj", "{E7A71EEF-1A5A-4850-A6DE-FBE35745CDE7}"
EndProject
Project("{FAE04EC0-301F-11D3-BF4B-00C04F79EFBC}") = "ProcessingCSV", "ProcessingCSV\ProcessingCSV.csproj", "{672644AB-32C0-49EB-A20A-374C3164CEED}"
EndProject
Global
	GlobalSection(SolutionConfigurationPlatforms) = preSolution
		Debug|Any CPU = Debug|Any CPU
		Release|Any CPU = Release|Any CPU
	EndGlobalSection
	GlobalSection(ProjectConfigurationPlatforms) = postSolution
		{E7A71EEF-1A5A-4850-A6DE-FBE35745CDE7}.Debug|Any CPU.ActiveCfg = Debug|Any CPU
		{E7A71EEF-1A5A-4850-A6DE-FBE35745CDE7}.Debug|Any CPU.Build.0 = Debug|Any CPU
		{E7A71EEF-1A5A-4850-A6DE-FBE35745CDE7}.Release|Any CPU.ActiveCfg = Release|Any CPU
		{E7A71EEF-1A5A-4850-A6DE-FBE35745CDE7}.Release|Any CPU.Build.0 = Release|Any CPU
		{672644AB-32C0-49EB-A20A-374C3164CEED}.Debug|Any CPU.ActiveCfg = Debug|Any CPU
		{672644AB-32C0-49EB-A20A-374C3164CEED}.Debug|Any CPU.Build.0 = Debug|Any CPU
		{672644AB-32C0-49EB-A20A-374C3164CEED}.Release|Any CPU.ActiveCfg = Release|Any CPU
		{672644AB-32C0-49EB-A20A-374C3164CEED}.Release|Any CPU.Build.0 = Release|Any CPU
	EndGlobalSection
	GlobalSection(SolutionProperties) = preSolution
		HideSolutionNode = FALSE
	EndGlobalSection
	GlobalSection(ExtensibilityGlobals) = postSolution
		SolutionGuid = {FAC87D42-8FF0-4BD9-B3C0-96EA06123490}
	EndGlobalSection
EndGlobal
