
Microsoft Visual Studio Solution File, Format Version 12.00
# Visual Studio Version 16
VisualStudioVersion = 16.0.30413.136
MinimumVisualStudioVersion = 10.0.40219.1
Project("{FAE04EC0-301F-11D3-BF4B-00C04F79EFBC}") = "CoinToss_Participation", "CoinToss_Participation\CoinToss_Participation.csproj", "{BB952F44-1B66-40E3-96A8-E65811CE2C43}"
EndProject
Global
	GlobalSection(SolutionConfigurationPlatforms) = preSolution
		Debug|Any CPU = Debug|Any CPU
		Release|Any CPU = Release|Any CPU
	EndGlobalSection
	GlobalSection(ProjectConfigurationPlatforms) = postSolution
		{BB952F44-1B66-40E3-96A8-E65811CE2C43}.Debug|Any CPU.ActiveCfg = Debug|Any CPU
		{BB952F44-1B66-40E3-96A8-E65811CE2C43}.Debug|Any CPU.Build.0 = Debug|Any CPU
		{BB952F44-1B66-40E3-96A8-E65811CE2C43}.Release|Any CPU.ActiveCfg = Release|Any CPU
		{BB952F44-1B66-40E3-96A8-E65811CE2C43}.Release|Any CPU.Build.0 = Release|Any CPU
	EndGlobalSection
	GlobalSection(SolutionProperties) = preSolution
		HideSolutionNode = FALSE
	EndGlobalSection
	GlobalSection(ExtensibilityGlobals) = postSolution
		SolutionGuid = {F08A99C4-9955-465D-BCAE-F61FA3A45E1E}
	EndGlobalSection
EndGlobal
