
Microsoft Visual Studio Solution File, Format Version 12.00
# Visual Studio Version 16
VisualStudioVersion = 16.0.30413.136
MinimumVisualStudioVersion = 10.0.40219.1
Project("{FAE04EC0-301F-11D3-BF4B-00C04F79EFBC}") = "RandomGuess", "Loops- Guess a number\RandomGuess.csproj", "{35F57A83-29A8-4E03-8848-8E2FD24687BA}"
EndProject
Global
	GlobalSection(SolutionConfigurationPlatforms) = preSolution
		Debug|Any CPU = Debug|Any CPU
		Release|Any CPU = Release|Any CPU
	EndGlobalSection
	GlobalSection(ProjectConfigurationPlatforms) = postSolution
		{35F57A83-29A8-4E03-8848-8E2FD24687BA}.Debug|Any CPU.ActiveCfg = Debug|Any CPU
		{35F57A83-29A8-4E03-8848-8E2FD24687BA}.Debug|Any CPU.Build.0 = Debug|Any CPU
		{35F57A83-29A8-4E03-8848-8E2FD24687BA}.Release|Any CPU.ActiveCfg = Release|Any CPU
		{35F57A83-29A8-4E03-8848-8E2FD24687BA}.Release|Any CPU.Build.0 = Release|Any CPU
	EndGlobalSection
	GlobalSection(SolutionProperties) = preSolution
		HideSolutionNode = FALSE
	EndGlobalSection
	GlobalSection(ExtensibilityGlobals) = postSolution
		SolutionGuid = {DB0611C1-7564-4FB6-9557-F717D2B71D87}
	EndGlobalSection
EndGlobal
